
Microsoft Visual Studio Solution File, Format Version 12.00
# Visual Studio Version 17
VisualStudioVersion = 17.1.32210.238
MinimumVisualStudioVersion = 10.0.40219.1
Project("{FAE04EC0-301F-11D3-BF4B-00C04F79EFBC}") = "EquipmentManager", "EquipmentManager.csproj", "{B05237CA-A27B-4068-ACE4-54B3C93ACED3}"
EndProject
Project("{2150E333-8FDC-42A3-9474-1A3956D46DE8}") = "Solution Items", "Solution Items", "{3C1F0F8A-FA6A-40EF-B7E8-EEFCEF2DCC27}"
	ProjectSection(SolutionItems) = preProject
		.editorconfig = .editorconfig
	EndProjectSection
EndProject
Global
	GlobalSection(SolutionConfigurationPlatforms) = preSolution
		Debug|Any CPU = Debug|Any CPU
		Release|Any CPU = Release|Any CPU
	EndGlobalSection
	GlobalSection(ProjectConfigurationPlatforms) = postSolution
		{B05237CA-A27B-4068-ACE4-54B3C93ACED3}.Debug|Any CPU.ActiveCfg = Debug|Any CPU
		{B05237CA-A27B-4068-ACE4-54B3C93ACED3}.Debug|Any CPU.Build.0 = Debug|Any CPU
		{B05237CA-A27B-4068-ACE4-54B3C93ACED3}.Release|Any CPU.ActiveCfg = Release|Any CPU
		{B05237CA-A27B-4068-ACE4-54B3C93ACED3}.Release|Any CPU.Build.0 = Release|Any CPU
	EndGlobalSection
	GlobalSection(SolutionProperties) = preSolution
		HideSolutionNode = FALSE
	EndGlobalSection
	GlobalSection(ExtensibilityGlobals) = postSolution
		SolutionGuid = {F447E9D3-AC48-4F7D-97D5-23469DF43C0B}
	EndGlobalSection
EndGlobal
